{
  "lockfileVersion": 2,
  "configVersion": 1,
  "workspaces": {
    "": {
      "name": "mazit-youtube-bridge",
      "dependencies": {
        "youtubei.js": "18.0.0",
      },
    },
  },
  "packages": {
    "@bufbuild/protobuf": ["@bufbuild/protobuf@2.15.0", "", {}, "sha512-DAheWUkVr/SJTWCc+lg9dhY0eN4SaWlf4+bG1KzHeXbnqt0AfB/NX0Z+VunGlM1ki1B4zVvye27MpKh/svySUA=="],

    "fflate": ["fflate@0.8.3", "", {}, "sha512-tbZNuJrLwGUp3zshBtdy4W+ORxZuIh8a5ilyIEQDC5rY1f3U20JMry0Ll3WBzU58EZKsEuJFXhb5gwv8CsPvgA=="],

    "meriyah": ["meriyah@7.3.3", "", {}, "sha512-uE5cnoNj+UYhoMdZDuymCzr5TzEuE3ZF2C4kn6Z76rLhkwnvZ/+6dUZnM41T3fifyuhW0+n8vK7eq6DKJxUfPA=="],

    "youtubei.js": ["youtubei.js@18.0.0", "", { "dependencies": { "@bufbuild/protobuf": "2.15.0", "fflate": "0.8.3", "meriyah": "7.3.3" } }, "sha512-7Tztl5QzNL4nIhiAxa4P/0C8cDDsUe0j4iaUeNiaA+ZfSe/l+HkHxXyoWlQXNW7IPi2n6AW23ysVMJLDh+AwWQ=="],
  }
}
